schema: '2.0'
stages:
  stage_01:
    cmd: py stage_01.py
    deps:
    - path: stage_01.py
      hash: md5
      md5: 71149db4f2ad64df6bd84dec2fcc90f3
      size: 113
    outs:
    - path: artifact.txt
      hash: md5
      md5: 7049e923593563fb63f48c1444446103
      size: 60
  stage_02:
    cmd: py stage_02.py
    deps:
    - path: artifact.txt
      hash: md5
      md5: 7049e923593563fb63f48c1444446103
      size: 60
    - path: stage_02.py
      hash: md5
      md5: 48c4bebd0c6367f6d972dce4b687327c
      size: 240
  stage_03:
    cmd: py stage_03.py
    deps:
    - path: artifact.txt
      hash: md5
      md5: 97f82026bf086f2cc028830f9100a30e
      size: 102
    - path: stage_03.py
      hash: md5
      md5: 2b2db14e95687a9dd822ff994d030650
      size: 242
